<?xml version="1.0" encoding="UTF-8" standalone="yes" ?>
<CodeBlocks_project_file>
	<FileVersion major="1" minor="6" />
	<Project>
		<Option title="Final" />
		<Option pch_mode="2" />
		<Option compiler="gcc" />
		<Build>
			<Target title="Debug">
				<Option output="bin/Debug/Final" prefix_auto="1" extension_auto="1" />
				<Option object_output="obj/Debug/" />
				<Option type="1" />
				<Option compiler="gcc" />
				<Compiler>
					<Add option="-g" />
				</Compiler>
			</Target>
			<Target title="Release">
				<Option output="bin/Release/Final" prefix_auto="1" extension_auto="1" />
				<Option object_output="obj/Release/" />
				<Option type="1" />
				<Option compiler="gcc" />
				<Compiler>
					<Add option="-O2" />
				</Compiler>
				<Linker>
					<Add option="-s" />
				</Linker>
			</Target>
		</Build>
		<Compiler>
			<Add option="-Wall" />
		</Compiler>
		<Unit filename="src/Bicicleta/Bici.c">
			<Option compilerVar="CC" />
		</Unit>
		<Unit filename="src/Bicicleta/Bici.h" />
		<Unit filename="src/Bicicleta/Getters/Getters.c">
			<Option compilerVar="CC" />
		</Unit>
		<Unit filename="src/Bicicleta/Getters/Getters.h" />
		<Unit filename="src/Bicicleta/Setters/Setters.c">
			<Option compilerVar="CC" />
		</Unit>
		<Unit filename="src/Bicicleta/Setters/Setters.h" />
		<Unit filename="src/Controller/Controller.c">
			<Option compilerVar="CC" />
		</Unit>
		<Unit filename="src/Controller/Controller.h" />
		<Unit filename="src/FuncionPrincipal/MainApp.c">
			<Option compilerVar="CC" />
		</Unit>
		<Unit filename="src/FuncionPrincipal/MainApp.h" />
		<Unit filename="src/Informes/Informes.c">
			<Option compilerVar="CC" />
		</Unit>
		<Unit filename="src/Informes/Informes.h" />
		<Unit filename="src/LinkedList.c">
			<Option compilerVar="CC" />
		</Unit>
		<Unit filename="src/LinkedList.h" />
		<Unit filename="src/MenuPrincipal/MainMenu.c">
			<Option compilerVar="CC" />
		</Unit>
		<Unit filename="src/MenuPrincipal/MainMenu.h" />
		<Unit filename="src/Parser/parser.c">
			<Option compilerVar="CC" />
		</Unit>
		<Unit filename="src/Parser/parser.h" />
		<Unit filename="src/Validate/caidevValidate.c">
			<Option compilerVar="CC" />
		</Unit>
		<Unit filename="src/Validate/caidevValidate.h" />
		<Unit filename="src/main.c">
			<Option compilerVar="CC" />
		</Unit>
		<Extensions>
			<lib_finder disable_auto="1" />
		</Extensions>
	</Project>
</CodeBlocks_project_file>
